// !$*UTF8*$!
{
	archiveVersion = 1;
	classes = {
	};
	objectVersion = 55;
	objects = {

/* Begin PBXBuildFile section */
		75AFAB3D27FBC72B00D16FB3 /* AppDelegate.swift in Sources */ = {isa = PBXBuildFile; fileRef = 75AFAB3C27FBC72B00D16FB3 /* AppDelegate.swift */; };
		75AFAB3F27FBC72B00D16FB3 /* SceneDelegate.swift in Sources */ = {isa = PBXBuildFile; fileRef = 75AFAB3E27FBC72B00D16FB3 /* SceneDelegate.swift */; };
		75AFAB4127FBC72B00D16FB3 /* ViewController.swift in Sources */ = {isa = PBXBuildFile; fileRef = 75AFAB4027FBC72B00D16FB3 /* ViewController.swift */; };
		75AFAB4427FBC72B00D16FB3 /* Main.storyboard in Resources */ = {isa = PBXBuildFile; fileRef = 75AFAB4227FBC72B00D16FB3 /* Main.storyboard */; };
		75AFAB4627FBC72C00D16FB3 /* Assets.xcassets in Resources */ = {isa = PBXBuildFile; fileRef = 75AFAB4527FBC72C00D16FB3 /* Assets.xcassets */; };
		75AFAB4927FBC72C00D16FB3 /* LaunchScreen.storyboard in Resources */ = {isa = PBXBuildFile; fileRef = 75AFAB4727FBC72C00D16FB3 /* LaunchScreen.storyboard */; };
		D8422FEEBAE42B25F119FE22 /* Pods_KeyboardManagerExample.framework in Frameworks */ = {isa = PBXBuildFile; fileRef = F7576C610251289AAC0985BF /* Pods_KeyboardManagerExample.framework */; };
/* End PBXBuildFile section */

/* Begin PBXFileReference section */
		6721EF6CC795A04CDB428725 /* Pods-KeyboardManagerExample.debug.xcconfig */ = {isa = PBXFileReference; includeInIndex = 1; lastKnownFileType = text.xcconfig; name = "Pods-KeyboardManagerExample.debug.xcconfig"; path = "Target Support Files/Pods-KeyboardManagerExample/Pods-KeyboardManagerExample.debug.xcconfig"; sourceTree = "<group>"; };
		75AFAB3927FBC72B00D16FB3 /* KeyboardManagerExample.app */ = {isa = PBXFileReference; explicitFileType = wrapper.application; includeInIndex = 0; path = KeyboardManagerExample.app; sourceTree = BUILT_PRODUCTS_DIR; };
		75AFAB3C27FBC72B00D16FB3 /* AppDelegate.swift */ = {isa = PBXFileReference; lastKnownFileType = sourcecode.swift; path = AppDelegate.swift; sourceTree = "<group>"; };
		75AFAB3E27FBC72B00D16FB3 /* SceneDelegate.swift */ = {isa = PBXFileReference; lastKnownFileType = sourcecode.swift; path = SceneDelegate.swift; sourceTree = "<group>"; };
		75AFAB4027FBC72B00D16FB3 /* ViewController.swift */ = {isa = PBXFileReference; lastKnownFileType = sourcecode.swift; path = ViewController.swift; sourceTree = "<group>"; };
		75AFAB4327FBC72B00D16FB3 /* Base */ = {isa = PBXFileReference; lastKnownFileType = file.storyboard; name = Base; path = Base.lproj/Main.storyboard; sourceTree = "<group>"; };
		75AFAB4527FBC72C00D16FB3 /* Assets.xcassets */ = {isa = PBXFileReference; lastKnownFileType = folder.assetcatalog; path = Assets.xcassets; sourceTree = "<group>"; };
		75AFAB4827FBC72C00D16FB3 /* Base */ = {isa = PBXFileReference; lastKnownFileType = file.storyboard; name = Base; path = Base.lproj/LaunchScreen.storyboard; sourceTree = "<group>"; };
		75AFAB4A27FBC72C00D16FB3 /* Info.plist */ = {isa = PBXFileReference; lastKnownFileType = text.plist.xml; path = Info.plist; sourceTree = "<group>"; };
		F7576C610251289AAC0985BF /* Pods_KeyboardManagerExample.framework */ = {isa = PBXFileReference; explicitFileType = wrapper.framework; includeInIndex = 0; path = Pods_KeyboardManagerExample.framework; sourceTree = BUILT_PRODUCTS_DIR; };
		F77E81B51A5B81AA682AC55B /* Pods-KeyboardManagerExample.release.xcconfig */ = {isa = PBXFileReference; includeInIndex = 1; lastKnownFileType = text.xcconfig; name = "Pods-KeyboardManagerExample.release.xcconfig"; path = "Target Support Files/Pods-KeyboardManagerExample/Pods-KeyboardManagerExample.release.xcconfig"; sourceTree = "<group>"; };
/* End PBXFileReference section */

/* Begin PBXFrameworksBuildPhase section */
		75AFAB3627FBC72B00D16FB3 /* Frameworks */ = {
			isa = PBXFrameworksBuildPhase;
			buildActionMask = 2147483647;
			files = (
				D8422FEEBAE42B25F119FE22 /* Pods_KeyboardManagerExample.framework in Frameworks */,
			);
			runOnlyForDeploymentPostprocessing = 0;
		};
/* End PBXFrameworksBuildPhase section */

/* Begin PBXGroup section */
		18FE0F42D3A9470F8C7A0839 /* Pods */ = {
			isa = PBXGroup;
			children = (
				6721EF6CC795A04CDB428725 /* Pods-KeyboardManagerExample.debug.xcconfig */,
				F77E81B51A5B81AA682AC55B /* Pods-KeyboardManagerExample.release.xcconfig */,
			);
			name = Pods;
			path = Pods;
			sourceTree = "<group>";
		};
		75AFAB3027FBC72B00D16FB3 = {
			isa = PBXGroup;
			children = (
				75AFAB3B27FBC72B00D16FB3 /* KeyboardManagerExample */,
				75AFAB3A27FBC72B00D16FB3 /* Products */,
				18FE0F42D3A9470F8C7A0839 /* Pods */,
				E2CB0EB3B22A69AFC58069E9 /* Frameworks */,
			);
			sourceTree = "<group>";
		};
		75AFAB3A27FBC72B00D16FB3 /* Products */ = {
			isa = PBXGroup;
			children = (
				75AFAB3927FBC72B00D16FB3 /* KeyboardManagerExample.app */,
			);
			name = Products;
			sourceTree = "<group>";
		};
		75AFAB3B27FBC72B00D16FB3 /* KeyboardManagerExample */ = {
			isa = PBXGroup;
			children = (
				75AFAB3C27FBC72B00D16FB3 /* AppDelegate.swift */,
				75AFAB3E27FBC72B00D16FB3 /* SceneDelegate.swift */,
				75AFAB4027FBC72B00D16FB3 /* ViewController.swift */,
				75AFAB4227FBC72B00D16FB3 /* Main.storyboard */,
				75AFAB4527FBC72C00D16FB3 /* Assets.xcassets */,
				75AFAB4727FBC72C00D16FB3 /* LaunchScreen.storyboard */,
				75AFAB4A27FBC72C00D16FB3 /* Info.plist */,
			);
			path = KeyboardManagerExample;
			sourceTree = "<group>";
		};
		E2CB0EB3B22A69AFC58069E9 /* Frameworks */ = {
			isa = PBXGroup;
			children = (
				F7576C610251289AAC0985BF /* Pods_KeyboardManagerExample.framework */,
			);
			name = Frameworks;
			sourceTree = "<group>";
		};
/* End PBXGroup section */

/* Begin PBXNativeTarget section */
		75AFAB3827FBC72B00D16FB3 /* KeyboardManagerExample */ = {
			isa = PBXNativeTarget;
			buildConfigurationList = 75AFAB4D27FBC72C00D16FB3 /* Build configuration list for PBXNativeTarget "KeyboardManagerExample" */;
			buildPhases = (
				AA027573F92988C6EE3F28BB /* [CP] Check Pods Manifest.lock */,
				75AFAB3527FBC72B00D16FB3 /* Sources */,
				75AFAB3627FBC72B00D16FB3 /* Frameworks */,
				75AFAB3727FBC72B00D16FB3 /* Resources */,
				EEAE392E76C254ED8A2C3A2C /* [CP] Embed Pods Frameworks */,
			);
			buildRules = (
			);
			dependencies = (
			);
			name = KeyboardManagerExample;
			productName = KeyboardManagerExample;
			productReference = 75AFAB3927FBC72B00D16FB3 /* KeyboardManagerExample.app */;
			productType = "com.apple.product-type.application";
		};
/* End PBXNativeTarget section */

/* Begin PBXProject section */
		75AFAB3127FBC72B00D16FB3 /* Project object */ = {
			isa = PBXProject;
			attributes = {
				BuildIndependentTargetsInParallel = 1;
				LastSwiftUpdateCheck = 1320;
				LastUpgradeCheck = 1320;
				TargetAttributes = {
					75AFAB3827FBC72B00D16FB3 = {
						CreatedOnToolsVersion = 13.2.1;
					};
				};
			};
			buildConfigurationList = 75AFAB3427FBC72B00D16FB3 /* Build configuration list for PBXProject "KeyboardManagerExample" */;
			compatibilityVersion = "Xcode 13.0";
			developmentRegion = en;
			hasScannedForEncodings = 0;
			knownRegions = (
				en,
				Base,
			);
			mainGroup = 75AFAB3027FBC72B00D16FB3;
			productRefGroup = 75AFAB3A27FBC72B00D16FB3 /* Products */;
			projectDirPath = "";
			projectRoot = "";
			targets = (
				75AFAB3827FBC72B00D16FB3 /* KeyboardManagerExample */,
			);
		};
/* End PBXProject section */

/* Begin PBXResourcesBuildPhase section */
		75AFAB3727FBC72B00D16FB3 /* Resources */ = {
			isa = PBXResourcesBuildPhase;
			buildActionMask = 2147483647;
			files = (
				75AFAB4927FBC72C00D16FB3 /* LaunchScreen.storyboard in Resources */,
				75AFAB4627FBC72C00D16FB3 /* Assets.xcassets in Resources */,
				75AFAB4427FBC72B00D16FB3 /* Main.storyboard in Resources */,
			);
			runOnlyForDeploymentPostprocessing = 0;
		};
/* End PBXResourcesBuildPhase section */

/* Begin PBXShellScriptBuildPhase section */
		AA027573F92988C6EE3F28BB /* [CP] Check Pods Manifest.lock */ = {
			isa = PBXShellScriptBuildPhase;
			buildActionMask = 2147483647;
			files = (
			);
			inputFileListPaths = (
			);
			inputPaths = (
				"${PODS_PODFILE_DIR_PATH}/Podfile.lock",
				"${PODS_ROOT}/Manifest.lock",
			);
			name = "[CP] Check Pods Manifest.lock";
			outputFileListPaths = (
			);
			outputPaths = (
				"$(DERIVED_FILE_DIR)/Pods-KeyboardManagerExample-checkManifestLockResult.txt",
			);
			runOnlyForDeploymentPostprocessing = 0;
			shellPath = /bin/sh;
			shellScript = "diff \"${PODS_PODFILE_DIR_PATH}/Podfile.lock\" \"${PODS_ROOT}/Manifest.lock\" > /dev/null\nif [ $? != 0 ] ; then\n    # print error to STDERR\n    echo \"error: The sandbox is not in sync with the Podfile.lock. Run 'pod install' or update your CocoaPods installation.\" >&2\n    exit 1\nfi\n# This output is used by Xcode 'outputs' to avoid re-running this script phase.\necho \"SUCCESS\" > \"${SCRIPT_OUTPUT_FILE_0}\"\n";
			showEnvVarsInLog = 0;
		};
		EEAE392E76C254ED8A2C3A2C /* [CP] Embed Pods Frameworks */ = {
			isa = PBXShellScriptBuildPhase;
			buildActionMask = 2147483647;
			files = (
			);
			inputFileListPaths = (
				"${PODS_ROOT}/Target Support Files/Pods-KeyboardManagerExample/Pods-KeyboardManagerExample-frameworks-${CONFIGURATION}-input-files.xcfilelist",
			);
			name = "[CP] Embed Pods Frameworks";
			outputFileListPaths = (
				"${PODS_ROOT}/Target Support Files/Pods-KeyboardManagerExample/Pods-KeyboardManagerExample-frameworks-${CONFIGURATION}-output-files.xcfilelist",
			);
			runOnlyForDeploymentPostprocessing = 0;
			shellPath = /bin/sh;
			shellScript = "\"${PODS_ROOT}/Target Support Files/Pods-KeyboardManagerExample/Pods-KeyboardManagerExample-frameworks.sh\"\n";
			showEnvVarsInLog = 0;
		};
/* End PBXShellScriptBuildPhase section */

/* Begin PBXSourcesBuildPhase section */
		75AFAB3527FBC72B00D16FB3 /* Sources */ = {
			isa = PBXSourcesBuildPhase;
			buildActionMask = 2147483647;
			files = (
				75AFAB4127FBC72B00D16FB3 /* ViewController.swift in Sources */,
				75AFAB3D27FBC72B00D16FB3 /* AppDelegate.swift in Sources */,
				75AFAB3F27FBC72B00D16FB3 /* SceneDelegate.swift in Sources */,
			);
			runOnlyForDeploymentPostprocessing = 0;
		};
/* End PBXSourcesBuildPhase section */

/* Begin PBXVariantGroup section */
		75AFAB4227FBC72B00D16FB3 /* Main.storyboard */ = {
			isa = PBXVariantGroup;
			children = (
				75AFAB4327FBC72B00D16FB3 /* Base */,
			);
			name = Main.storyboard;
			sourceTree = "<group>";
		};
		75AFAB4727FBC72C00D16FB3 /* LaunchScreen.storyboard */ = {
			isa = PBXVariantGroup;
			children = (
				75AFAB4827FBC72C00D16FB3 /* Base */,
			);
			name = LaunchScreen.storyboard;
			sourceTree = "<group>";
		};
/* End PBXVariantGroup section */

/* Begin XCBuildConfiguration section */
		75AFAB4B27FBC72C00D16FB3 /* Debug */ = {
			isa = XCBuildConfiguration;
			buildSettings = {
				ALWAYS_SEARCH_USER_PATHS = NO;
				CLANG_ANALYZER_NONNULL = YES;
				CLANG_ANALYZER_NUMBER_OBJECT_CONVERSION = YES_AGGRESSIVE;
				CLANG_CXX_LANGUAGE_STANDARD = "gnu++17";
				CLANG_CXX_LIBRARY = "libc++";
				CLANG_ENABLE_MODULES = YES;
				CLANG_ENABLE_OBJC_ARC = YES;
				CLANG_ENABLE_OBJC_WEAK = YES;
				CLANG_WARN_BLOCK_CAPTURE_AUTORELEASING = YES;
				CLANG_WARN_BOOL_CONVERSION = YES;
				CLANG_WARN_COMMA = YES;
				CLANG_WARN_CONSTANT_CONVERSION = YES;
				CLANG_WARN_DEPRECATED_OBJC_IMPLEMENTATIONS = YES;
				CLANG_WARN_DIRECT_OBJC_ISA_USAGE = YES_ERROR;
				CLANG_WARN_DOCUMENTATION_COMMENTS = YES;
				CLANG_WARN_EMPTY_BODY = YES;
				CLANG_WARN_ENUM_CONVERSION = YES;
				CLANG_WARN_INFINITE_RECURSION = YES;
				CLANG_WARN_INT_CONVERSION = YES;
				CLANG_WARN_NON_LITERAL_NULL_CONVERSION = YES;
				CLANG_WARN_OBJC_IMPLICIT_RETAIN_SELF = YES;
				CLANG_WARN_OBJC_LITERAL_CONVERSION = YES;
				CLANG_WARN_OBJC_ROOT_CLASS = YES_ERROR;
				CLANG_WARN_QUOTED_INCLUDE_IN_FRAMEWORK_HEADER = YES;
				CLANG_WARN_RANGE_LOOP_ANALYSIS = YES;
				CLANG_WARN_STRICT_PROTOTYPES = YES;
				CLANG_WARN_SUSPICIOUS_MOVE = YES;
				CLANG_WARN_UNGUARDED_AVAILABILITY = YES_AGGRESSIVE;
				CLANG_WARN_UNREACHABLE_CODE = YES;
				CLANG_WARN__DUPLICATE_METHOD_MATCH = YES;
				COPY_PHASE_STRIP = NO;
				DEBUG_INFORMATION_FORMAT = dwarf;
				ENABLE_STRICT_OBJC_MSGSEND = YES;
				ENABLE_TESTABILITY = YES;
				GCC_C_LANGUAGE_STANDARD = gnu11;
				GCC_DYNAMIC_NO_PIC = NO;
				GCC_NO_COMMON_BLOCKS = YES;
				GCC_OPTIMIZATION_LEVEL = 0;
				GCC_PREPROCESSOR_DEFINITIONS = (
					"DEBUG=1",
					"$(inherited)",
				);
				GCC_WARN_64_TO_32_BIT_CONVERSION = YES;
				GCC_WARN_ABOUT_RETURN_TYPE = YES_ERROR;
				GCC_WARN_UNDECLARED_SELECTOR = YES;
				GCC_WARN_UNINITIALIZED_AUTOS = YES_AGGRESSIVE;
				GCC_WARN_UNUSED_FUNCTION = YES;
				GCC_WARN_UNUSED_VARIABLE = YES;
				IPHONEOS_DEPLOYMENT_TARGET = 15.2;
				MTL_ENABLE_DEBUG_INFO = INCLUDE_SOURCE;
				MTL_FAST_MATH = YES;
				ONLY_ACTIVE_ARCH = YES;
				SDKROOT = iphoneos;
				SWIFT_ACTIVE_COMPILATION_CONDITIONS = DEBUG;
				SWIFT_OPTIMIZATION_LEVEL = "-Onone";
			};
			name = Debug;
		};
		75AFAB4C27FBC72C00D16FB3 /* Release */ = {
			isa = XCBuildConfiguration;
			buildSettings = {
				ALWAYS_SEARCH_USER_PATHS = NO;
				CLANG_ANALYZER_NONNULL = YES;
				CLANG_ANALYZER_NUMBER_OBJECT_CONVERSION = YES_AGGRESSIVE;
				CLANG_CXX_LANGUAGE_STANDARD = "gnu++17";
				CLANG_CXX_LIBRARY = "libc++";
				CLANG_ENABLE_MODULES = YES;
				CLANG_ENABLE_OBJC_ARC = YES;
				CLANG_ENABLE_OBJC_WEAK = YES;
				CLANG_WARN_BLOCK_CAPTURE_AUTORELEASING = YES;
				CLANG_WARN_BOOL_CONVERSION = YES;
				CLANG_WARN_COMMA = YES;
				CLANG_WARN_CONSTANT_CONVERSION = YES;
				CLANG_WARN_DEPRECATED_OBJC_IMPLEMENTATIONS = YES;
				CLANG_WARN_DIRECT_OBJC_ISA_USAGE = YES_ERROR;
				CLANG_WARN_DOCUMENTATION_COMMENTS = YES;
				CLANG_WARN_EMPTY_BODY = YES;
				CLANG_WARN_ENUM_CONVERSION = YES;
				CLANG_WARN_INFINITE_RECURSION = YES;
				CLANG_WARN_INT_CONVERSION = YES;
				CLANG_WARN_NON_LITERAL_NULL_CONVERSION = YES;
				CLANG_WARN_OBJC_IMPLICIT_RETAIN_SELF = YES;
				CLANG_WARN_OBJC_LITERAL_CONVERSION = YES;
				CLANG_WARN_OBJC_ROOT_CLASS = YES_ERROR;
				CLANG_WARN_QUOTED_INCLUDE_IN_FRAMEWORK_HEADER = YES;
				CLANG_WARN_RANGE_LOOP_ANALYSIS = YES;
				CLANG_WARN_STRICT_PROTOTYPES = YES;
				CLANG_WARN_SUSPICIOUS_MOVE = YES;
				CLANG_WARN_UNGUARDED_AVAILABILITY = YES_AGGRESSIVE;
				CLANG_WARN_UNREACHABLE_CODE = YES;
				CLANG_WARN__DUPLICATE_METHOD_MATCH = YES;
				COPY_PHASE_STRIP = NO;
				DEBUG_INFORMATION_FORMAT = "dwarf-with-dsym";
				ENABLE_NS_ASSERTIONS = NO;
				ENABLE_STRICT_OBJC_MSGSEND = YES;
				GCC_C_LANGUAGE_STANDARD = gnu11;
				GCC_NO_COMMON_BLOCKS = YES;
				GCC_WARN_64_TO_32_BIT_CONVERSION = YES;
				GCC_WARN_ABOUT_RETURN_TYPE = YES_ERROR;
				GCC_WARN_UNDECLARED_SELECTOR = YES;
				GCC_WARN_UNINITIALIZED_AUTOS = YES_AGGRESSIVE;
				GCC_WARN_UNUSED_FUNCTION = YES;
				GCC_WARN_UNUSED_VARIABLE = YES;
				IPHONEOS_DEPLOYMENT_TARGET = 15.2;
				MTL_ENABLE_DEBUG_INFO = NO;
				MTL_FAST_MATH = YES;
				SDKROOT = iphoneos;
				SWIFT_COMPILATION_MODE = wholemodule;
				SWIFT_OPTIMIZATION_LEVEL = "-O";
				VALIDATE_PRODUCT = YES;
			};
			name = Release;
		};
		75AFAB4E27FBC72C00D16FB3 /* Debug */ = {
			isa = XCBuildConfiguration;
			baseConfigurationReference = 6721EF6CC795A04CDB428725 /* Pods-KeyboardManagerExample.debug.xcconfig */;
			buildSettings = {
				ASSETCATALOG_COMPILER_APPICON_NAME = AppIcon;
				ASSETCATALOG_COMPILER_GLOBAL_ACCENT_COLOR_NAME = AccentColor;
				CODE_SIGN_STYLE = Automatic;
				CURRENT_PROJECT_VERSION = 1;
				DEVELOPMENT_TEAM = DJQS9YSS64;
				GENERATE_INFOPLIST_FILE = YES;
				INFOPLIST_FILE = KeyboardManagerExample/Info.plist;
				INFOPLIST_KEY_UIApplicationSupportsIndirectInputEvents = YES;
				INFOPLIST_KEY_UILaunchStoryboardName = LaunchScreen;
				INFOPLIST_KEY_UIMainStoryboardFile = Main;
				INFOPLIST_KEY_UISupportedInterfaceOrientations_iPad = "UIInterfaceOrientationPortrait UIInterfaceOrientationPortraitUpsideDown UIInterfaceOrientationLandscapeLeft UIInterfaceOrientationLandscapeRight";
				INFOPLIST_KEY_UISupportedInterfaceOrientations_iPhone = "UIInterfaceOrientationPortrait UIInterfaceOrientationLandscapeLeft UIInterfaceOrientationLandscapeRight";
				LD_RUNPATH_SEARCH_PATHS = (
					"$(inherited)",
					"@executable_path/Frameworks",
				);
				MARKETING_VERSION = 1.0;
				PRODUCT_BUNDLE_IDENTIFIER = edu.northeastern.ashish.KeyboardManagerExample;
				PRODUCT_NAME = "$(TARGET_NAME)";
				SWIFT_EMIT_LOC_STRINGS = YES;
				SWIFT_VERSION = 5.0;
				TARGETED_DEVICE_FAMILY = "1,2";
			};
			name = Debug;
		};
		75AFAB4F27FBC72C00D16FB3 /* Release */ = {
			isa = XCBuildConfiguration;
			baseConfigurationReference = F77E81B51A5B81AA682AC55B /* Pods-KeyboardManagerExample.release.xcconfig */;
			buildSettings = {
				ASSETCATALOG_COMPILER_APPICON_NAME = AppIcon;
				ASSETCATALOG_COMPILER_GLOBAL_ACCENT_COLOR_NAME = AccentColor;
				CODE_SIGN_STYLE = Automatic;
				CURRENT_PROJECT_VERSION = 1;
				DEVELOPMENT_TEAM = DJQS9YSS64;
				GENERATE_INFOPLIST_FILE = YES;
				INFOPLIST_FILE = KeyboardManagerExample/Info.plist;
				INFOPLIST_KEY_UIApplicationSupportsIndirectInputEvents = YES;
				INFOPLIST_KEY_UILaunchStoryboardName = LaunchScreen;
				INFOPLIST_KEY_UIMainStoryboardFile = Main;
				INFOPLIST_KEY_UISupportedInterfaceOrientations_iPad = "UIInterfaceOrientationPortrait UIInterfaceOrientationPortraitUpsideDown UIInterfaceOrientationLandscapeLeft UIInterfaceOrientationLandscapeRight";
				INFOPLIST_KEY_UISupportedInterfaceOrientations_iPhone = "UIInterfaceOrientationPortrait UIInterfaceOrientationLandscapeLeft UIInterfaceOrientationLandscapeRight";
				LD_RUNPATH_SEARCH_PATHS = (
					"$(inherited)",
					"@executable_path/Frameworks",
				);
				MARKETING_VERSION = 1.0;
				PRODUCT_BUNDLE_IDENTIFIER = edu.northeastern.ashish.KeyboardManagerExample;
				PRODUCT_NAME = "$(TARGET_NAME)";
				SWIFT_EMIT_LOC_STRINGS = YES;
				SWIFT_VERSION = 5.0;
				TARGETED_DEVICE_FAMILY = "1,2";
			};
			name = Release;
		};
/* End XCBuildConfiguration section */

/* Begin XCConfigurationList section */
		75AFAB3427FBC72B00D16FB3 /* Build configuration list for PBXProject "KeyboardManagerExample" */ = {
			isa = XCConfigurationList;
			buildConfigurations = (
				75AFAB4B27FBC72C00D16FB3 /* Debug */,
				75AFAB4C27FBC72C00D16FB3 /* Release */,
			);
			defaultConfigurationIsVisible = 0;
			defaultConfigurationName = Release;
		};
		75AFAB4D27FBC72C00D16FB3 /* Build configuration list for PBXNativeTarget "KeyboardManagerExample" */ = {
			isa = XCConfigurationList;
			buildConfigurations = (
				75AFAB4E27FBC72C00D16FB3 /* Debug */,
				75AFAB4F27FBC72C00D16FB3 /* Release */,
			);
			defaultConfigurationIsVisible = 0;
			defaultConfigurationName = Release;
		};
/* End XCConfigurationList section */
	};
	rootObject = 75AFAB3127FBC72B00D16FB3 /* Project object */;
}
