// !$*UTF8*$!
{
	archiveVersion = 1;
	classes = {
	};
	objectVersion = 55;
	objects = {

/* Begin PBXBuildFile section */
		7547F7A827FC709A00E9CC6B /* DashboardViewController.swift in Sources */ = {isa = PBXBuildFile; fileRef = 7547F7A727FC709A00E9CC6B /* DashboardViewController.swift */; };
		7547F7AB27FC70DB00E9CC6B /* StringExtension.swift in Sources */ = {isa = PBXBuildFile; fileRef = 7547F7AA27FC70DB00E9CC6B /* StringExtension.swift */; };
		7547F7AD27FC70F400E9CC6B /* KeychainService.swift in Sources */ = {isa = PBXBuildFile; fileRef = 7547F7AC27FC70F400E9CC6B /* KeychainService.swift */; };
		7547F7AF27FC71DC00E9CC6B /* GoogleService-Info.plist in Resources */ = {isa = PBXBuildFile; fileRef = 7547F7AE27FC71D800E9CC6B /* GoogleService-Info.plist */; };
		75AFABEA27FBD42C00D16FB3 /* AppDelegate.swift in Sources */ = {isa = PBXBuildFile; fileRef = 75AFABE927FBD42C00D16FB3 /* AppDelegate.swift */; };
		75AFABEC27FBD42C00D16FB3 /* SceneDelegate.swift in Sources */ = {isa = PBXBuildFile; fileRef = 75AFABEB27FBD42C00D16FB3 /* SceneDelegate.swift */; };
		75AFABEE27FBD42C00D16FB3 /* LoginViewController.swift in Sources */ = {isa = PBXBuildFile; fileRef = 75AFABED27FBD42C00D16FB3 /* LoginViewController.swift */; };
		75AFABF127FBD42C00D16FB3 /* Main.storyboard in Resources */ = {isa = PBXBuildFile; fileRef = 75AFABEF27FBD42C00D16FB3 /* Main.storyboard */; };
		75AFABF327FBD42D00D16FB3 /* Assets.xcassets in Resources */ = {isa = PBXBuildFile; fileRef = 75AFABF227FBD42D00D16FB3 /* Assets.xcassets */; };
		75AFABF627FBD42D00D16FB3 /* LaunchScreen.storyboard in Resources */ = {isa = PBXBuildFile; fileRef = 75AFABF427FBD42D00D16FB3 /* LaunchScreen.storyboard */; };
		F95FFC73E95EEA390CC3625B /* Pods_LoginApp.framework in Frameworks */ = {isa = PBXBuildFile; fileRef = FE25BB605E7867FA3D9D0F5F /* Pods_LoginApp.framework */; };
/* End PBXBuildFile section */

/* Begin PBXFileReference section */
		30B4088CCE9C57FCE8300737 /* Pods-LoginApp.debug.xcconfig */ = {isa = PBXFileReference; includeInIndex = 1; lastKnownFileType = text.xcconfig; name = "Pods-LoginApp.debug.xcconfig"; path = "Target Support Files/Pods-LoginApp/Pods-LoginApp.debug.xcconfig"; sourceTree = "<group>"; };
		37B9B56B9C24C9CDF51ECC83 /* Pods-LoginApp.release.xcconfig */ = {isa = PBXFileReference; includeInIndex = 1; lastKnownFileType = text.xcconfig; name = "Pods-LoginApp.release.xcconfig"; path = "Target Support Files/Pods-LoginApp/Pods-LoginApp.release.xcconfig"; sourceTree = "<group>"; };
		7547F7A727FC709A00E9CC6B /* DashboardViewController.swift */ = {isa = PBXFileReference; lastKnownFileType = sourcecode.swift; path = DashboardViewController.swift; sourceTree = "<group>"; };
		7547F7AA27FC70DB00E9CC6B /* StringExtension.swift */ = {isa = PBXFileReference; lastKnownFileType = sourcecode.swift; path = StringExtension.swift; sourceTree = "<group>"; };
		7547F7AC27FC70F400E9CC6B /* KeychainService.swift */ = {isa = PBXFileReference; lastKnownFileType = sourcecode.swift; path = KeychainService.swift; sourceTree = "<group>"; };
		7547F7AE27FC71D800E9CC6B /* GoogleService-Info.plist */ = {isa = PBXFileReference; lastKnownFileType = text.plist.xml; path = "GoogleService-Info.plist"; sourceTree = "<group>"; };
		75AFABE627FBD42C00D16FB3 /* LoginApp.app */ = {isa = PBXFileReference; explicitFileType = wrapper.application; includeInIndex = 0; path = LoginApp.app; sourceTree = BUILT_PRODUCTS_DIR; };
		75AFABE927FBD42C00D16FB3 /* AppDelegate.swift */ = {isa = PBXFileReference; lastKnownFileType = sourcecode.swift; path = AppDelegate.swift; sourceTree = "<group>"; };
		75AFABEB27FBD42C00D16FB3 /* SceneDelegate.swift */ = {isa = PBXFileReference; lastKnownFileType = sourcecode.swift; path = SceneDelegate.swift; sourceTree = "<group>"; };
		75AFABED27FBD42C00D16FB3 /* LoginViewController.swift */ = {isa = PBXFileReference; lastKnownFileType = sourcecode.swift; path = LoginViewController.swift; sourceTree = "<group>"; };
		75AFABF027FBD42C00D16FB3 /* Base */ = {isa = PBXFileReference; lastKnownFileType = file.storyboard; name = Base; path = Base.lproj/Main.storyboard; sourceTree = "<group>"; };
		75AFABF227FBD42D00D16FB3 /* Assets.xcassets */ = {isa = PBXFileReference; lastKnownFileType = folder.assetcatalog; path = Assets.xcassets; sourceTree = "<group>"; };
		75AFABF527FBD42D00D16FB3 /* Base */ = {isa = PBXFileReference; lastKnownFileType = file.storyboard; name = Base; path = Base.lproj/LaunchScreen.storyboard; sourceTree = "<group>"; };
		75AFABF727FBD42D00D16FB3 /* Info.plist */ = {isa = PBXFileReference; lastKnownFileType = text.plist.xml; path = Info.plist; sourceTree = "<group>"; };
		FE25BB605E7867FA3D9D0F5F /* Pods_LoginApp.framework */ = {isa = PBXFileReference; explicitFileType = wrapper.framework; includeInIndex = 0; path = Pods_LoginApp.framework; sourceTree = BUILT_PRODUCTS_DIR; };
/* End PBXFileReference section */

/* Begin PBXFrameworksBuildPhase section */
		75AFABE327FBD42C00D16FB3 /* Frameworks */ = {
			isa = PBXFrameworksBuildPhase;
			buildActionMask = 2147483647;
			files = (
				F95FFC73E95EEA390CC3625B /* Pods_LoginApp.framework in Frameworks */,
			);
			runOnlyForDeploymentPostprocessing = 0;
		};
/* End PBXFrameworksBuildPhase section */

/* Begin PBXGroup section */
		578F2AB7A8C86D6D3114F70C /* Pods */ = {
			isa = PBXGroup;
			children = (
				30B4088CCE9C57FCE8300737 /* Pods-LoginApp.debug.xcconfig */,
				37B9B56B9C24C9CDF51ECC83 /* Pods-LoginApp.release.xcconfig */,
			);
			path = Pods;
			sourceTree = "<group>";
		};
		7547F7A427FC706E00E9CC6B /* Model */ = {
			isa = PBXGroup;
			children = (
			);
			path = Model;
			sourceTree = "<group>";
		};
		7547F7A527FC707500E9CC6B /* View */ = {
			isa = PBXGroup;
			children = (
				75AFABEF27FBD42C00D16FB3 /* Main.storyboard */,
			);
			path = View;
			sourceTree = "<group>";
		};
		7547F7A627FC707A00E9CC6B /* Controller */ = {
			isa = PBXGroup;
			children = (
				75AFABED27FBD42C00D16FB3 /* LoginViewController.swift */,
				7547F7A727FC709A00E9CC6B /* DashboardViewController.swift */,
			);
			path = Controller;
			sourceTree = "<group>";
		};
		7547F7A927FC70C700E9CC6B /* Utilities */ = {
			isa = PBXGroup;
			children = (
				7547F7AA27FC70DB00E9CC6B /* StringExtension.swift */,
				7547F7AC27FC70F400E9CC6B /* KeychainService.swift */,
			);
			path = Utilities;
			sourceTree = "<group>";
		};
		75AFABDD27FBD42C00D16FB3 = {
			isa = PBXGroup;
			children = (
				75AFABE827FBD42C00D16FB3 /* LoginApp */,
				75AFABE727FBD42C00D16FB3 /* Products */,
				578F2AB7A8C86D6D3114F70C /* Pods */,
				BC596ABD09B38D8D5CBDE6E3 /* Frameworks */,
			);
			sourceTree = "<group>";
		};
		75AFABE727FBD42C00D16FB3 /* Products */ = {
			isa = PBXGroup;
			children = (
				75AFABE627FBD42C00D16FB3 /* LoginApp.app */,
			);
			name = Products;
			sourceTree = "<group>";
		};
		75AFABE827FBD42C00D16FB3 /* LoginApp */ = {
			isa = PBXGroup;
			children = (
				7547F7A927FC70C700E9CC6B /* Utilities */,
				7547F7A627FC707A00E9CC6B /* Controller */,
				7547F7A527FC707500E9CC6B /* View */,
				7547F7A427FC706E00E9CC6B /* Model */,
				75AFABE927FBD42C00D16FB3 /* AppDelegate.swift */,
				75AFABEB27FBD42C00D16FB3 /* SceneDelegate.swift */,
				75AFABF227FBD42D00D16FB3 /* Assets.xcassets */,
				75AFABF427FBD42D00D16FB3 /* LaunchScreen.storyboard */,
				75AFABF727FBD42D00D16FB3 /* Info.plist */,
				7547F7AE27FC71D800E9CC6B /* GoogleService-Info.plist */,
			);
			path = LoginApp;
			sourceTree = "<group>";
		};
		BC596ABD09B38D8D5CBDE6E3 /* Frameworks */ = {
			isa = PBXGroup;
			children = (
				FE25BB605E7867FA3D9D0F5F /* Pods_LoginApp.framework */,
			);
			name = Frameworks;
			sourceTree = "<group>";
		};
/* End PBXGroup section */

/* Begin PBXNativeTarget section */
		75AFABE527FBD42C00D16FB3 /* LoginApp */ = {
			isa = PBXNativeTarget;
			buildConfigurationList = 75AFABFA27FBD42D00D16FB3 /* Build configuration list for PBXNativeTarget "LoginApp" */;
			buildPhases = (
				BCAC1CF9B1C9062C5728E20F /* [CP] Check Pods Manifest.lock */,
				75AFABE227FBD42C00D16FB3 /* Sources */,
				75AFABE327FBD42C00D16FB3 /* Frameworks */,
				75AFABE427FBD42C00D16FB3 /* Resources */,
				797DD33FD3851FDD6F955622 /* [CP] Embed Pods Frameworks */,
			);
			buildRules = (
			);
			dependencies = (
			);
			name = LoginApp;
			productName = LoginApp;
			productReference = 75AFABE627FBD42C00D16FB3 /* LoginApp.app */;
			productType = "com.apple.product-type.application";
		};
/* End PBXNativeTarget section */

/* Begin PBXProject section */
		75AFABDE27FBD42C00D16FB3 /* Project object */ = {
			isa = PBXProject;
			attributes = {
				BuildIndependentTargetsInParallel = 1;
				LastSwiftUpdateCheck = 1320;
				LastUpgradeCheck = 1320;
				TargetAttributes = {
					75AFABE527FBD42C00D16FB3 = {
						CreatedOnToolsVersion = 13.2.1;
					};
				};
			};
			buildConfigurationList = 75AFABE127FBD42C00D16FB3 /* Build configuration list for PBXProject "LoginApp" */;
			compatibilityVersion = "Xcode 13.0";
			developmentRegion = en;
			hasScannedForEncodings = 0;
			knownRegions = (
				en,
				Base,
			);
			mainGroup = 75AFABDD27FBD42C00D16FB3;
			productRefGroup = 75AFABE727FBD42C00D16FB3 /* Products */;
			projectDirPath = "";
			projectRoot = "";
			targets = (
				75AFABE527FBD42C00D16FB3 /* LoginApp */,
			);
		};
/* End PBXProject section */

/* Begin PBXResourcesBuildPhase section */
		75AFABE427FBD42C00D16FB3 /* Resources */ = {
			isa = PBXResourcesBuildPhase;
			buildActionMask = 2147483647;
			files = (
				75AFABF627FBD42D00D16FB3 /* LaunchScreen.storyboard in Resources */,
				7547F7AF27FC71DC00E9CC6B /* GoogleService-Info.plist in Resources */,
				75AFABF327FBD42D00D16FB3 /* Assets.xcassets in Resources */,
				75AFABF127FBD42C00D16FB3 /* Main.storyboard in Resources */,
			);
			runOnlyForDeploymentPostprocessing = 0;
		};
/* End PBXResourcesBuildPhase section */

/* Begin PBXShellScriptBuildPhase section */
		797DD33FD3851FDD6F955622 /* [CP] Embed Pods Frameworks */ = {
			isa = PBXShellScriptBuildPhase;
			buildActionMask = 2147483647;
			files = (
			);
			inputFileListPaths = (
				"${PODS_ROOT}/Target Support Files/Pods-LoginApp/Pods-LoginApp-frameworks-${CONFIGURATION}-input-files.xcfilelist",
			);
			name = "[CP] Embed Pods Frameworks";
			outputFileListPaths = (
				"${PODS_ROOT}/Target Support Files/Pods-LoginApp/Pods-LoginApp-frameworks-${CONFIGURATION}-output-files.xcfilelist",
			);
			runOnlyForDeploymentPostprocessing = 0;
			shellPath = /bin/sh;
			shellScript = "\"${PODS_ROOT}/Target Support Files/Pods-LoginApp/Pods-LoginApp-frameworks.sh\"\n";
			showEnvVarsInLog = 0;
		};
		BCAC1CF9B1C9062C5728E20F /* [CP] Check Pods Manifest.lock */ = {
			isa = PBXShellScriptBuildPhase;
			buildActionMask = 2147483647;
			files = (
			);
			inputFileListPaths = (
			);
			inputPaths = (
				"${PODS_PODFILE_DIR_PATH}/Podfile.lock",
				"${PODS_ROOT}/Manifest.lock",
			);
			name = "[CP] Check Pods Manifest.lock";
			outputFileListPaths = (
			);
			outputPaths = (
				"$(DERIVED_FILE_DIR)/Pods-LoginApp-checkManifestLockResult.txt",
			);
			runOnlyForDeploymentPostprocessing = 0;
			shellPath = /bin/sh;
			shellScript = "diff \"${PODS_PODFILE_DIR_PATH}/Podfile.lock\" \"${PODS_ROOT}/Manifest.lock\" > /dev/null\nif [ $? != 0 ] ; then\n    # print error to STDERR\n    echo \"error: The sandbox is not in sync with the Podfile.lock. Run 'pod install' or update your CocoaPods installation.\" >&2\n    exit 1\nfi\n# This output is used by Xcode 'outputs' to avoid re-running this script phase.\necho \"SUCCESS\" > \"${SCRIPT_OUTPUT_FILE_0}\"\n";
			showEnvVarsInLog = 0;
		};
/* End PBXShellScriptBuildPhase section */

/* Begin PBXSourcesBuildPhase section */
		75AFABE227FBD42C00D16FB3 /* Sources */ = {
			isa = PBXSourcesBuildPhase;
			buildActionMask = 2147483647;
			files = (
				75AFABEE27FBD42C00D16FB3 /* LoginViewController.swift in Sources */,
				75AFABEA27FBD42C00D16FB3 /* AppDelegate.swift in Sources */,
				7547F7AB27FC70DB00E9CC6B /* StringExtension.swift in Sources */,
				75AFABEC27FBD42C00D16FB3 /* SceneDelegate.swift in Sources */,
				7547F7A827FC709A00E9CC6B /* DashboardViewController.swift in Sources */,
				7547F7AD27FC70F400E9CC6B /* KeychainService.swift in Sources */,
			);
			runOnlyForDeploymentPostprocessing = 0;
		};
/* End PBXSourcesBuildPhase section */

/* Begin PBXVariantGroup section */
		75AFABEF27FBD42C00D16FB3 /* Main.storyboard */ = {
			isa = PBXVariantGroup;
			children = (
				75AFABF027FBD42C00D16FB3 /* Base */,
			);
			name = Main.storyboard;
			sourceTree = "<group>";
		};
		75AFABF427FBD42D00D16FB3 /* LaunchScreen.storyboard */ = {
			isa = PBXVariantGroup;
			children = (
				75AFABF527FBD42D00D16FB3 /* Base */,
			);
			name = LaunchScreen.storyboard;
			sourceTree = "<group>";
		};
/* End PBXVariantGroup section */

/* Begin XCBuildConfiguration section */
		75AFABF827FBD42D00D16FB3 /* Debug */ = {
			isa = XCBuildConfiguration;
			buildSettings = {
				ALWAYS_SEARCH_USER_PATHS = NO;
				CLANG_ANALYZER_NONNULL = YES;
				CLANG_ANALYZER_NUMBER_OBJECT_CONVERSION = YES_AGGRESSIVE;
				CLANG_CXX_LANGUAGE_STANDARD = "gnu++17";
				CLANG_CXX_LIBRARY = "libc++";
				CLANG_ENABLE_MODULES = YES;
				CLANG_ENABLE_OBJC_ARC = YES;
				CLANG_ENABLE_OBJC_WEAK = YES;
				CLANG_WARN_BLOCK_CAPTURE_AUTORELEASING = YES;
				CLANG_WARN_BOOL_CONVERSION = YES;
				CLANG_WARN_COMMA = YES;
				CLANG_WARN_CONSTANT_CONVERSION = YES;
				CLANG_WARN_DEPRECATED_OBJC_IMPLEMENTATIONS = YES;
				CLANG_WARN_DIRECT_OBJC_ISA_USAGE = YES_ERROR;
				CLANG_WARN_DOCUMENTATION_COMMENTS = YES;
				CLANG_WARN_EMPTY_BODY = YES;
				CLANG_WARN_ENUM_CONVERSION = YES;
				CLANG_WARN_INFINITE_RECURSION = YES;
				CLANG_WARN_INT_CONVERSION = YES;
				CLANG_WARN_NON_LITERAL_NULL_CONVERSION = YES;
				CLANG_WARN_OBJC_IMPLICIT_RETAIN_SELF = YES;
				CLANG_WARN_OBJC_LITERAL_CONVERSION = YES;
				CLANG_WARN_OBJC_ROOT_CLASS = YES_ERROR;
				CLANG_WARN_QUOTED_INCLUDE_IN_FRAMEWORK_HEADER = YES;
				CLANG_WARN_RANGE_LOOP_ANALYSIS = YES;
				CLANG_WARN_STRICT_PROTOTYPES = YES;
				CLANG_WARN_SUSPICIOUS_MOVE = YES;
				CLANG_WARN_UNGUARDED_AVAILABILITY = YES_AGGRESSIVE;
				CLANG_WARN_UNREACHABLE_CODE = YES;
				CLANG_WARN__DUPLICATE_METHOD_MATCH = YES;
				COPY_PHASE_STRIP = NO;
				DEBUG_INFORMATION_FORMAT = dwarf;
				ENABLE_STRICT_OBJC_MSGSEND = YES;
				ENABLE_TESTABILITY = YES;
				GCC_C_LANGUAGE_STANDARD = gnu11;
				GCC_DYNAMIC_NO_PIC = NO;
				GCC_NO_COMMON_BLOCKS = YES;
				GCC_OPTIMIZATION_LEVEL = 0;
				GCC_PREPROCESSOR_DEFINITIONS = (
					"DEBUG=1",
					"$(inherited)",
				);
				GCC_WARN_64_TO_32_BIT_CONVERSION = YES;
				GCC_WARN_ABOUT_RETURN_TYPE = YES_ERROR;
				GCC_WARN_UNDECLARED_SELECTOR = YES;
				GCC_WARN_UNINITIALIZED_AUTOS = YES_AGGRESSIVE;
				GCC_WARN_UNUSED_FUNCTION = YES;
				GCC_WARN_UNUSED_VARIABLE = YES;
				IPHONEOS_DEPLOYMENT_TARGET = 15.2;
				MTL_ENABLE_DEBUG_INFO = INCLUDE_SOURCE;
				MTL_FAST_MATH = YES;
				ONLY_ACTIVE_ARCH = YES;
				SDKROOT = iphoneos;
				SWIFT_ACTIVE_COMPILATION_CONDITIONS = DEBUG;
				SWIFT_OPTIMIZATION_LEVEL = "-Onone";
			};
			name = Debug;
		};
		75AFABF927FBD42D00D16FB3 /* Release */ = {
			isa = XCBuildConfiguration;
			buildSettings = {
				ALWAYS_SEARCH_USER_PATHS = NO;
				CLANG_ANALYZER_NONNULL = YES;
				CLANG_ANALYZER_NUMBER_OBJECT_CONVERSION = YES_AGGRESSIVE;
				CLANG_CXX_LANGUAGE_STANDARD = "gnu++17";
				CLANG_CXX_LIBRARY = "libc++";
				CLANG_ENABLE_MODULES = YES;
				CLANG_ENABLE_OBJC_ARC = YES;
				CLANG_ENABLE_OBJC_WEAK = YES;
				CLANG_WARN_BLOCK_CAPTURE_AUTORELEASING = YES;
				CLANG_WARN_BOOL_CONVERSION = YES;
				CLANG_WARN_COMMA = YES;
				CLANG_WARN_CONSTANT_CONVERSION = YES;
				CLANG_WARN_DEPRECATED_OBJC_IMPLEMENTATIONS = YES;
				CLANG_WARN_DIRECT_OBJC_ISA_USAGE = YES_ERROR;
				CLANG_WARN_DOCUMENTATION_COMMENTS = YES;
				CLANG_WARN_EMPTY_BODY = YES;
				CLANG_WARN_ENUM_CONVERSION = YES;
				CLANG_WARN_INFINITE_RECURSION = YES;
				CLANG_WARN_INT_CONVERSION = YES;
				CLANG_WARN_NON_LITERAL_NULL_CONVERSION = YES;
				CLANG_WARN_OBJC_IMPLICIT_RETAIN_SELF = YES;
				CLANG_WARN_OBJC_LITERAL_CONVERSION = YES;
				CLANG_WARN_OBJC_ROOT_CLASS = YES_ERROR;
				CLANG_WARN_QUOTED_INCLUDE_IN_FRAMEWORK_HEADER = YES;
				CLANG_WARN_RANGE_LOOP_ANALYSIS = YES;
				CLANG_WARN_STRICT_PROTOTYPES = YES;
				CLANG_WARN_SUSPICIOUS_MOVE = YES;
				CLANG_WARN_UNGUARDED_AVAILABILITY = YES_AGGRESSIVE;
				CLANG_WARN_UNREACHABLE_CODE = YES;
				CLANG_WARN__DUPLICATE_METHOD_MATCH = YES;
				COPY_PHASE_STRIP = NO;
				DEBUG_INFORMATION_FORMAT = "dwarf-with-dsym";
				ENABLE_NS_ASSERTIONS = NO;
				ENABLE_STRICT_OBJC_MSGSEND = YES;
				GCC_C_LANGUAGE_STANDARD = gnu11;
				GCC_NO_COMMON_BLOCKS = YES;
				GCC_WARN_64_TO_32_BIT_CONVERSION = YES;
				GCC_WARN_ABOUT_RETURN_TYPE = YES_ERROR;
				GCC_WARN_UNDECLARED_SELECTOR = YES;
				GCC_WARN_UNINITIALIZED_AUTOS = YES_AGGRESSIVE;
				GCC_WARN_UNUSED_FUNCTION = YES;
				GCC_WARN_UNUSED_VARIABLE = YES;
				IPHONEOS_DEPLOYMENT_TARGET = 15.2;
				MTL_ENABLE_DEBUG_INFO = NO;
				MTL_FAST_MATH = YES;
				SDKROOT = iphoneos;
				SWIFT_COMPILATION_MODE = wholemodule;
				SWIFT_OPTIMIZATION_LEVEL = "-O";
				VALIDATE_PRODUCT = YES;
			};
			name = Release;
		};
		75AFABFB27FBD42D00D16FB3 /* Debug */ = {
			isa = XCBuildConfiguration;
			baseConfigurationReference = 30B4088CCE9C57FCE8300737 /* Pods-LoginApp.debug.xcconfig */;
			buildSettings = {
				ASSETCATALOG_COMPILER_APPICON_NAME = AppIcon;
				ASSETCATALOG_COMPILER_GLOBAL_ACCENT_COLOR_NAME = AccentColor;
				CODE_SIGN_STYLE = Automatic;
				CURRENT_PROJECT_VERSION = 1;
				DEVELOPMENT_TEAM = DJQS9YSS64;
				GENERATE_INFOPLIST_FILE = YES;
				INFOPLIST_FILE = LoginApp/Info.plist;
				INFOPLIST_KEY_UIApplicationSupportsIndirectInputEvents = YES;
				INFOPLIST_KEY_UILaunchStoryboardName = LaunchScreen;
				INFOPLIST_KEY_UIMainStoryboardFile = Main;
				INFOPLIST_KEY_UISupportedInterfaceOrientations_iPad = "UIInterfaceOrientationPortrait UIInterfaceOrientationPortraitUpsideDown UIInterfaceOrientationLandscapeLeft UIInterfaceOrientationLandscapeRight";
				INFOPLIST_KEY_UISupportedInterfaceOrientations_iPhone = "UIInterfaceOrientationPortrait UIInterfaceOrientationLandscapeLeft UIInterfaceOrientationLandscapeRight";
				LD_RUNPATH_SEARCH_PATHS = (
					"$(inherited)",
					"@executable_path/Frameworks",
				);
				MARKETING_VERSION = 1.0;
				PRODUCT_BUNDLE_IDENTIFIER = edu.northeastern.ashish.LoginApp;
				PRODUCT_NAME = "$(TARGET_NAME)";
				SWIFT_EMIT_LOC_STRINGS = YES;
				SWIFT_VERSION = 5.0;
				TARGETED_DEVICE_FAMILY = "1,2";
			};
			name = Debug;
		};
		75AFABFC27FBD42D00D16FB3 /* Release */ = {
			isa = XCBuildConfiguration;
			baseConfigurationReference = 37B9B56B9C24C9CDF51ECC83 /* Pods-LoginApp.release.xcconfig */;
			buildSettings = {
				ASSETCATALOG_COMPILER_APPICON_NAME = AppIcon;
				ASSETCATALOG_COMPILER_GLOBAL_ACCENT_COLOR_NAME = AccentColor;
				CODE_SIGN_STYLE = Automatic;
				CURRENT_PROJECT_VERSION = 1;
				DEVELOPMENT_TEAM = DJQS9YSS64;
				GENERATE_INFOPLIST_FILE = YES;
				INFOPLIST_FILE = LoginApp/Info.plist;
				INFOPLIST_KEY_UIApplicationSupportsIndirectInputEvents = YES;
				INFOPLIST_KEY_UILaunchStoryboardName = LaunchScreen;
				INFOPLIST_KEY_UIMainStoryboardFile = Main;
				INFOPLIST_KEY_UISupportedInterfaceOrientations_iPad = "UIInterfaceOrientationPortrait UIInterfaceOrientationPortraitUpsideDown UIInterfaceOrientationLandscapeLeft UIInterfaceOrientationLandscapeRight";
				INFOPLIST_KEY_UISupportedInterfaceOrientations_iPhone = "UIInterfaceOrientationPortrait UIInterfaceOrientationLandscapeLeft UIInterfaceOrientationLandscapeRight";
				LD_RUNPATH_SEARCH_PATHS = (
					"$(inherited)",
					"@executable_path/Frameworks",
				);
				MARKETING_VERSION = 1.0;
				PRODUCT_BUNDLE_IDENTIFIER = edu.northeastern.ashish.LoginApp;
				PRODUCT_NAME = "$(TARGET_NAME)";
				SWIFT_EMIT_LOC_STRINGS = YES;
				SWIFT_VERSION = 5.0;
				TARGETED_DEVICE_FAMILY = "1,2";
			};
			name = Release;
		};
/* End XCBuildConfiguration section */

/* Begin XCConfigurationList section */
		75AFABE127FBD42C00D16FB3 /* Build configuration list for PBXProject "LoginApp" */ = {
			isa = XCConfigurationList;
			buildConfigurations = (
				75AFABF827FBD42D00D16FB3 /* Debug */,
				75AFABF927FBD42D00D16FB3 /* Release */,
			);
			defaultConfigurationIsVisible = 0;
			defaultConfigurationName = Release;
		};
		75AFABFA27FBD42D00D16FB3 /* Build configuration list for PBXNativeTarget "LoginApp" */ = {
			isa = XCConfigurationList;
			buildConfigurations = (
				75AFABFB27FBD42D00D16FB3 /* Debug */,
				75AFABFC27FBD42D00D16FB3 /* Release */,
			);
			defaultConfigurationIsVisible = 0;
			defaultConfigurationName = Release;
		};
/* End XCConfigurationList section */
	};
	rootObject = 75AFABDE27FBD42C00D16FB3 /* Project object */;
}
